// !$*UTF8*$!
{
	archiveVersion = 1;
	classes = {
	};
	objectVersion = 55;
	objects = {

/* Begin PBXBuildFile section */
		20296A9428BFE75300F490B8 /* mystructs.swift in Sources */ = {isa = PBXBuildFile; fileRef = 20296A9328BFE75300F490B8 /* mystructs.swift */; };
		204FA9A228BE7B7C00838B22 /* ntknowbg.swift in Sources */ = {isa = PBXBuildFile; fileRef = 204FA9A128BE7B7C00838B22 /* ntknowbg.swift */; };
		204FA9A428BE7C1E00838B22 /* pick.swift in Sources */ = {isa = PBXBuildFile; fileRef = 204FA9A328BE7C1E00838B22 /* pick.swift */; };
		204FA9A628BE9E3A00838B22 /* gal.swift in Sources */ = {isa = PBXBuildFile; fileRef = 204FA9A528BE9E3A00838B22 /* gal.swift */; };
		20639BA528C63510001B06DA /* Viewall.swift in Sources */ = {isa = PBXBuildFile; fileRef = 20639BA428C63510001B06DA /* Viewall.swift */; };
		207338B928BBA4B2008AA4F1 /* KWTourApp.swift in Sources */ = {isa = PBXBuildFile; fileRef = 207338B828BBA4B2008AA4F1 /* KWTourApp.swift */; };
		207338BB28BBA4B2008AA4F1 /* ContentView.swift in Sources */ = {isa = PBXBuildFile; fileRef = 207338BA28BBA4B2008AA4F1 /* ContentView.swift */; };
		207338BD28BBA4B2008AA4F1 /* Assets.xcassets in Resources */ = {isa = PBXBuildFile; fileRef = 207338BC28BBA4B2008AA4F1 /* Assets.xcassets */; };
		207338C028BBA4B2008AA4F1 /* Preview Assets.xcassets in Resources */ = {isa = PBXBuildFile; fileRef = 207338BF28BBA4B2008AA4F1 /* Preview Assets.xcassets */; };
		207338C728BBA573008AA4F1 /* Launch Screen.storyboard in Resources */ = {isa = PBXBuildFile; fileRef = 207338C628BBA573008AA4F1 /* Launch Screen.storyboard */; };
		207338C928BBAE1F008AA4F1 /* app colors.swift in Sources */ = {isa = PBXBuildFile; fileRef = 207338C828BBAE1F008AA4F1 /* app colors.swift */; };
		20B0C3A328C2C78500FA080F /* MallsView.swift in Sources */ = {isa = PBXBuildFile; fileRef = 20B0C3A228C2C78500FA080F /* MallsView.swift */; };
		20B0C3A528C2C79200FA080F /* Mallschosen.swift in Sources */ = {isa = PBXBuildFile; fileRef = 20B0C3A428C2C79200FA080F /* Mallschosen.swift */; };
		20B0C3A728C2C79F00FA080F /* ParksView.swift in Sources */ = {isa = PBXBuildFile; fileRef = 20B0C3A628C2C79F00FA080F /* ParksView.swift */; };
		20B0C3A928C2C7AB00FA080F /* Parkschosen.swift in Sources */ = {isa = PBXBuildFile; fileRef = 20B0C3A828C2C7AB00FA080F /* Parkschosen.swift */; };
		20B0C3AB28C2C7B600FA080F /* CulturalLandmarksView.swift in Sources */ = {isa = PBXBuildFile; fileRef = 20B0C3AA28C2C7B600FA080F /* CulturalLandmarksView.swift */; };
		20B0C3AD28C2C7C200FA080F /* CulturalLandmarkschosen.swift in Sources */ = {isa = PBXBuildFile; fileRef = 20B0C3AC28C2C7C200FA080F /* CulturalLandmarkschosen.swift */; };
		20B0C3AF28C2C7D400FA080F /* MuseumsView.swift in Sources */ = {isa = PBXBuildFile; fileRef = 20B0C3AE28C2C7D400FA080F /* MuseumsView.swift */; };
		20B0C3B128C2C7E000FA080F /* Museumschosen.swift in Sources */ = {isa = PBXBuildFile; fileRef = 20B0C3B028C2C7E000FA080F /* Museumschosen.swift */; };
		20C8AD3828C39F4000651CB6 /* MapView.swift in Sources */ = {isa = PBXBuildFile; fileRef = 20C8AD3728C39F4000651CB6 /* MapView.swift */; };
		20F5DF6F28BD58F3006D08A5 /* home.swift in Sources */ = {isa = PBXBuildFile; fileRef = 20F5DF6E28BD58F3006D08A5 /* home.swift */; };
		20F5DF7328BD6599006D08A5 /* map.swift in Sources */ = {isa = PBXBuildFile; fileRef = 20F5DF7228BD6599006D08A5 /* map.swift */; };
/* End PBXBuildFile section */

/* Begin PBXFileReference section */
		20296A9328BFE75300F490B8 /* mystructs.swift */ = {isa = PBXFileReference; lastKnownFileType = sourcecode.swift; path = mystructs.swift; sourceTree = "<group>"; };
		204FA9A128BE7B7C00838B22 /* ntknowbg.swift */ = {isa = PBXFileReference; lastKnownFileType = sourcecode.swift; path = ntknowbg.swift; sourceTree = "<group>"; };
		204FA9A328BE7C1E00838B22 /* pick.swift */ = {isa = PBXFileReference; lastKnownFileType = sourcecode.swift; path = pick.swift; sourceTree = "<group>"; };
		204FA9A528BE9E3A00838B22 /* gal.swift */ = {isa = PBXFileReference; lastKnownFileType = sourcecode.swift; path = gal.swift; sourceTree = "<group>"; };
		20639BA428C63510001B06DA /* Viewall.swift */ = {isa = PBXFileReference; lastKnownFileType = sourcecode.swift; path = Viewall.swift; sourceTree = "<group>"; };
		207338B528BBA4B2008AA4F1 /* KWTour.app */ = {isa = PBXFileReference; explicitFileType = wrapper.application; includeInIndex = 0; path = KWTour.app; sourceTree = BUILT_PRODUCTS_DIR; };
		207338B828BBA4B2008AA4F1 /* KWTourApp.swift */ = {isa = PBXFileReference; lastKnownFileType = sourcecode.swift; path = KWTourApp.swift; sourceTree = "<group>"; };
		207338BA28BBA4B2008AA4F1 /* ContentView.swift */ = {isa = PBXFileReference; lastKnownFileType = sourcecode.swift; path = ContentView.swift; sourceTree = "<group>"; };
		207338BC28BBA4B2008AA4F1 /* Assets.xcassets */ = {isa = PBXFileReference; lastKnownFileType = folder.assetcatalog; path = Assets.xcassets; sourceTree = "<group>"; };
		207338BF28BBA4B2008AA4F1 /* Preview Assets.xcassets */ = {isa = PBXFileReference; lastKnownFileType = folder.assetcatalog; path = "Preview Assets.xcassets"; sourceTree = "<group>"; };
		207338C628BBA573008AA4F1 /* Launch Screen.storyboard */ = {isa = PBXFileReference; lastKnownFileType = file.storyboard; path = "Launch Screen.storyboard"; sourceTree = "<group>"; };
		207338C828BBAE1F008AA4F1 /* app colors.swift */ = {isa = PBXFileReference; lastKnownFileType = sourcecode.swift; path = "app colors.swift"; sourceTree = "<group>"; };
		20B0C3A228C2C78500FA080F /* MallsView.swift */ = {isa = PBXFileReference; lastKnownFileType = sourcecode.swift; path = MallsView.swift; sourceTree = "<group>"; };
		20B0C3A428C2C79200FA080F /* Mallschosen.swift */ = {isa = PBXFileReference; lastKnownFileType = sourcecode.swift; path = Mallschosen.swift; sourceTree = "<group>"; };
		20B0C3A628C2C79F00FA080F /* ParksView.swift */ = {isa = PBXFileReference; lastKnownFileType = sourcecode.swift; path = ParksView.swift; sourceTree = "<group>"; };
		20B0C3A828C2C7AB00FA080F /* Parkschosen.swift */ = {isa = PBXFileReference; lastKnownFileType = sourcecode.swift; path = Parkschosen.swift; sourceTree = "<group>"; };
		20B0C3AA28C2C7B600FA080F /* CulturalLandmarksView.swift */ = {isa = PBXFileReference; lastKnownFileType = sourcecode.swift; path = CulturalLandmarksView.swift; sourceTree = "<group>"; };
		20B0C3AC28C2C7C200FA080F /* CulturalLandmarkschosen.swift */ = {isa = PBXFileReference; lastKnownFileType = sourcecode.swift; path = CulturalLandmarkschosen.swift; sourceTree = "<group>"; };
		20B0C3AE28C2C7D400FA080F /* MuseumsView.swift */ = {isa = PBXFileReference; lastKnownFileType = sourcecode.swift; path = MuseumsView.swift; sourceTree = "<group>"; };
		20B0C3B028C2C7E000FA080F /* Museumschosen.swift */ = {isa = PBXFileReference; lastKnownFileType = sourcecode.swift; path = Museumschosen.swift; sourceTree = "<group>"; };
		20C8AD3728C39F4000651CB6 /* MapView.swift */ = {isa = PBXFileReference; lastKnownFileType = sourcecode.swift; path = MapView.swift; sourceTree = "<group>"; };
		20F5DF6E28BD58F3006D08A5 /* home.swift */ = {isa = PBXFileReference; lastKnownFileType = sourcecode.swift; path = home.swift; sourceTree = "<group>"; };
		20F5DF7228BD6599006D08A5 /* map.swift */ = {isa = PBXFileReference; lastKnownFileType = sourcecode.swift; path = map.swift; sourceTree = "<group>"; };
/* End PBXFileReference section */

/* Begin PBXFrameworksBuildPhase section */
		207338B228BBA4B2008AA4F1 /* Frameworks */ = {
			isa = PBXFrameworksBuildPhase;
			buildActionMask = 2147483647;
			files = (
			);
			runOnlyForDeploymentPostprocessing = 0;
		};
/* End PBXFrameworksBuildPhase section */

/* Begin PBXGroup section */
		20440E5728C50DE8009BBE51 /* Views */ = {
			isa = PBXGroup;
			children = (
				20F5DF6E28BD58F3006D08A5 /* home.swift */,
				204FA9A128BE7B7C00838B22 /* ntknowbg.swift */,
				20F5DF7228BD6599006D08A5 /* map.swift */,
				204FA9A328BE7C1E00838B22 /* pick.swift */,
				20639BA428C63510001B06DA /* Viewall.swift */,
				20B0C3A228C2C78500FA080F /* MallsView.swift */,
				20B0C3AA28C2C7B600FA080F /* CulturalLandmarksView.swift */,
				20B0C3AE28C2C7D400FA080F /* MuseumsView.swift */,
				20B0C3A628C2C79F00FA080F /* ParksView.swift */,
				20B0C3A428C2C79200FA080F /* Mallschosen.swift */,
				20B0C3AC28C2C7C200FA080F /* CulturalLandmarkschosen.swift */,
				20B0C3B028C2C7E000FA080F /* Museumschosen.swift */,
				20B0C3A828C2C7AB00FA080F /* Parkschosen.swift */,
			);
			path = Views;
			sourceTree = "<group>";
		};
		207338AC28BBA4B2008AA4F1 = {
			isa = PBXGroup;
			children = (
				207338B728BBA4B2008AA4F1 /* KWTour */,
				207338B628BBA4B2008AA4F1 /* Products */,
			);
			sourceTree = "<group>";
		};
		207338B628BBA4B2008AA4F1 /* Products */ = {
			isa = PBXGroup;
			children = (
				207338B528BBA4B2008AA4F1 /* KWTour.app */,
			);
			name = Products;
			sourceTree = "<group>";
		};
		207338B728BBA4B2008AA4F1 /* KWTour */ = {
			isa = PBXGroup;
			children = (
				207338B828BBA4B2008AA4F1 /* KWTourApp.swift */,
				207338BA28BBA4B2008AA4F1 /* ContentView.swift */,
				20440E5728C50DE8009BBE51 /* Views */,
				204FA9A528BE9E3A00838B22 /* gal.swift */,
				20296A9328BFE75300F490B8 /* mystructs.swift */,
				20C8AD3728C39F4000651CB6 /* MapView.swift */,
				207338C828BBAE1F008AA4F1 /* app colors.swift */,
				207338C628BBA573008AA4F1 /* Launch Screen.storyboard */,
				207338BC28BBA4B2008AA4F1 /* Assets.xcassets */,
				207338BE28BBA4B2008AA4F1 /* Preview Content */,
			);
			path = KWTour;
			sourceTree = "<group>";
		};
		207338BE28BBA4B2008AA4F1 /* Preview Content */ = {
			isa = PBXGroup;
			children = (
				207338BF28BBA4B2008AA4F1 /* Preview Assets.xcassets */,
			);
			path = "Preview Content";
			sourceTree = "<group>";
		};
/* End PBXGroup section */

/* Begin PBXNativeTarget section */
		207338B428BBA4B2008AA4F1 /* KWTour */ = {
			isa = PBXNativeTarget;
			buildConfigurationList = 207338C328BBA4B2008AA4F1 /* Build configuration list for PBXNativeTarget "KWTour" */;
			buildPhases = (
				207338B128BBA4B2008AA4F1 /* Sources */,
				207338B228BBA4B2008AA4F1 /* Frameworks */,
				207338B328BBA4B2008AA4F1 /* Resources */,
			);
			buildRules = (
			);
			dependencies = (
			);
			name = KWTour;
			productName = KWTour;
			productReference = 207338B528BBA4B2008AA4F1 /* KWTour.app */;
			productType = "com.apple.product-type.application";
		};
/* End PBXNativeTarget section */

/* Begin PBXProject section */
		207338AD28BBA4B2008AA4F1 /* Project object */ = {
			isa = PBXProject;
			attributes = {
				BuildIndependentTargetsInParallel = 1;
				LastSwiftUpdateCheck = 1340;
				LastUpgradeCheck = 1340;
				TargetAttributes = {
					207338B428BBA4B2008AA4F1 = {
						CreatedOnToolsVersion = 13.4.1;
					};
				};
			};
			buildConfigurationList = 207338B028BBA4B2008AA4F1 /* Build configuration list for PBXProject "KWTour" */;
			compatibilityVersion = "Xcode 13.0";
			developmentRegion = en;
			hasScannedForEncodings = 0;
			knownRegions = (
				en,
				Base,
			);
			mainGroup = 207338AC28BBA4B2008AA4F1;
			productRefGroup = 207338B628BBA4B2008AA4F1 /* Products */;
			projectDirPath = "";
			projectRoot = "";
			targets = (
				207338B428BBA4B2008AA4F1 /* KWTour */,
			);
		};
/* End PBXProject section */

/* Begin PBXResourcesBuildPhase section */
		207338B328BBA4B2008AA4F1 /* Resources */ = {
			isa = PBXResourcesBuildPhase;
			buildActionMask = 2147483647;
			files = (
				207338C728BBA573008AA4F1 /* Launch Screen.storyboard in Resources */,
				207338C028BBA4B2008AA4F1 /* Preview Assets.xcassets in Resources */,
				207338BD28BBA4B2008AA4F1 /* Assets.xcassets in Resources */,
			);
			runOnlyForDeploymentPostprocessing = 0;
		};
/* End PBXResourcesBuildPhase section */

/* Begin PBXSourcesBuildPhase section */
		207338B128BBA4B2008AA4F1 /* Sources */ = {
			isa = PBXSourcesBuildPhase;
			buildActionMask = 2147483647;
			files = (
				20B0C3A728C2C79F00FA080F /* ParksView.swift in Sources */,
				20B0C3AF28C2C7D400FA080F /* MuseumsView.swift in Sources */,
				20B0C3AD28C2C7C200FA080F /* CulturalLandmarkschosen.swift in Sources */,
				207338C928BBAE1F008AA4F1 /* app colors.swift in Sources */,
				204FA9A628BE9E3A00838B22 /* gal.swift in Sources */,
				20B0C3B128C2C7E000FA080F /* Museumschosen.swift in Sources */,
				20639BA528C63510001B06DA /* Viewall.swift in Sources */,
				20F5DF7328BD6599006D08A5 /* map.swift in Sources */,
				20C8AD3828C39F4000651CB6 /* MapView.swift in Sources */,
				20F5DF6F28BD58F3006D08A5 /* home.swift in Sources */,
				204FA9A228BE7B7C00838B22 /* ntknowbg.swift in Sources */,
				20B0C3A328C2C78500FA080F /* MallsView.swift in Sources */,
				204FA9A428BE7C1E00838B22 /* pick.swift in Sources */,
				207338BB28BBA4B2008AA4F1 /* ContentView.swift in Sources */,
				20B0C3A528C2C79200FA080F /* Mallschosen.swift in Sources */,
				20B0C3A928C2C7AB00FA080F /* Parkschosen.swift in Sources */,
				20296A9428BFE75300F490B8 /* mystructs.swift in Sources */,
				20B0C3AB28C2C7B600FA080F /* CulturalLandmarksView.swift in Sources */,
				207338B928BBA4B2008AA4F1 /* KWTourApp.swift in Sources */,
			);
			runOnlyForDeploymentPostprocessing = 0;
		};
/* End PBXSourcesBuildPhase section */

/* Begin XCBuildConfiguration section */
		207338C128BBA4B2008AA4F1 /* Debug */ = {
			isa = XCBuildConfiguration;
			buildSettings = {
				ALWAYS_SEARCH_USER_PATHS = NO;
				CLANG_ANALYZER_NONNULL = YES;
				CLANG_ANALYZER_NUMBER_OBJECT_CONVERSION = YES_AGGRESSIVE;
				CLANG_CXX_LANGUAGE_STANDARD = "gnu++17";
				CLANG_ENABLE_MODULES = YES;
				CLANG_ENABLE_OBJC_ARC = YES;
				CLANG_ENABLE_OBJC_WEAK = YES;
				CLANG_WARN_BLOCK_CAPTURE_AUTORELEASING = YES;
				CLANG_WARN_BOOL_CONVERSION = YES;
				CLANG_WARN_COMMA = YES;
				CLANG_WARN_CONSTANT_CONVERSION = YES;
				CLANG_WARN_DEPRECATED_OBJC_IMPLEMENTATIONS = YES;
				CLANG_WARN_DIRECT_OBJC_ISA_USAGE = YES_ERROR;
				CLANG_WARN_DOCUMENTATION_COMMENTS = YES;
				CLANG_WARN_EMPTY_BODY = YES;
				CLANG_WARN_ENUM_CONVERSION = YES;
				CLANG_WARN_INFINITE_RECURSION = YES;
				CLANG_WARN_INT_CONVERSION = YES;
				CLANG_WARN_NON_LITERAL_NULL_CONVERSION = YES;
				CLANG_WARN_OBJC_IMPLICIT_RETAIN_SELF = YES;
				CLANG_WARN_OBJC_LITERAL_CONVERSION = YES;
				CLANG_WARN_OBJC_ROOT_CLASS = YES_ERROR;
				CLANG_WARN_QUOTED_INCLUDE_IN_FRAMEWORK_HEADER = YES;
				CLANG_WARN_RANGE_LOOP_ANALYSIS = YES;
				CLANG_WARN_STRICT_PROTOTYPES = YES;
				CLANG_WARN_SUSPICIOUS_MOVE = YES;
				CLANG_WARN_UNGUARDED_AVAILABILITY = YES_AGGRESSIVE;
				CLANG_WARN_UNREACHABLE_CODE = YES;
				CLANG_WARN__DUPLICATE_METHOD_MATCH = YES;
				COPY_PHASE_STRIP = NO;
				DEBUG_INFORMATION_FORMAT = dwarf;
				ENABLE_STRICT_OBJC_MSGSEND = YES;
				ENABLE_TESTABILITY = YES;
				GCC_C_LANGUAGE_STANDARD = gnu11;
				GCC_DYNAMIC_NO_PIC = NO;
				GCC_NO_COMMON_BLOCKS = YES;
				GCC_OPTIMIZATION_LEVEL = 0;
				GCC_PREPROCESSOR_DEFINITIONS = (
					"DEBUG=1",
					"$(inherited)",
				);
				GCC_WARN_64_TO_32_BIT_CONVERSION = YES;
				GCC_WARN_ABOUT_RETURN_TYPE = YES_ERROR;
				GCC_WARN_UNDECLARED_SELECTOR = YES;
				GCC_WARN_UNINITIALIZED_AUTOS = YES_AGGRESSIVE;
				GCC_WARN_UNUSED_FUNCTION = YES;
				GCC_WARN_UNUSED_VARIABLE = YES;
				IPHONEOS_DEPLOYMENT_TARGET = 15.5;
				MTL_ENABLE_DEBUG_INFO = INCLUDE_SOURCE;
				MTL_FAST_MATH = YES;
				ONLY_ACTIVE_ARCH = YES;
				SDKROOT = iphoneos;
				SWIFT_ACTIVE_COMPILATION_CONDITIONS = DEBUG;
				SWIFT_OPTIMIZATION_LEVEL = "-Onone";
			};
			name = Debug;
		};
		207338C228BBA4B2008AA4F1 /* Release */ = {
			isa = XCBuildConfiguration;
			buildSettings = {
				ALWAYS_SEARCH_USER_PATHS = NO;
				CLANG_ANALYZER_NONNULL = YES;
				CLANG_ANALYZER_NUMBER_OBJECT_CONVERSION = YES_AGGRESSIVE;
				CLANG_CXX_LANGUAGE_STANDARD = "gnu++17";
				CLANG_ENABLE_MODULES = YES;
				CLANG_ENABLE_OBJC_ARC = YES;
				CLANG_ENABLE_OBJC_WEAK = YES;
				CLANG_WARN_BLOCK_CAPTURE_AUTORELEASING = YES;
				CLANG_WARN_BOOL_CONVERSION = YES;
				CLANG_WARN_COMMA = YES;
				CLANG_WARN_CONSTANT_CONVERSION = YES;
				CLANG_WARN_DEPRECATED_OBJC_IMPLEMENTATIONS = YES;
				CLANG_WARN_DIRECT_OBJC_ISA_USAGE = YES_ERROR;
				CLANG_WARN_DOCUMENTATION_COMMENTS = YES;
				CLANG_WARN_EMPTY_BODY = YES;
				CLANG_WARN_ENUM_CONVERSION = YES;
				CLANG_WARN_INFINITE_RECURSION = YES;
				CLANG_WARN_INT_CONVERSION = YES;
				CLANG_WARN_NON_LITERAL_NULL_CONVERSION = YES;
				CLANG_WARN_OBJC_IMPLICIT_RETAIN_SELF = YES;
				CLANG_WARN_OBJC_LITERAL_CONVERSION = YES;
				CLANG_WARN_OBJC_ROOT_CLASS = YES_ERROR;
				CLANG_WARN_QUOTED_INCLUDE_IN_FRAMEWORK_HEADER = YES;
				CLANG_WARN_RANGE_LOOP_ANALYSIS = YES;
				CLANG_WARN_STRICT_PROTOTYPES = YES;
				CLANG_WARN_SUSPICIOUS_MOVE = YES;
				CLANG_WARN_UNGUARDED_AVAILABILITY = YES_AGGRESSIVE;
				CLANG_WARN_UNREACHABLE_CODE = YES;
				CLANG_WARN__DUPLICATE_METHOD_MATCH = YES;
				COPY_PHASE_STRIP = NO;
				DEBUG_INFORMATION_FORMAT = "dwarf-with-dsym";
				ENABLE_NS_ASSERTIONS = NO;
				ENABLE_STRICT_OBJC_MSGSEND = YES;
				GCC_C_LANGUAGE_STANDARD = gnu11;
				GCC_NO_COMMON_BLOCKS = YES;
				GCC_WARN_64_TO_32_BIT_CONVERSION = YES;
				GCC_WARN_ABOUT_RETURN_TYPE = YES_ERROR;
				GCC_WARN_UNDECLARED_SELECTOR = YES;
				GCC_WARN_UNINITIALIZED_AUTOS = YES_AGGRESSIVE;
				GCC_WARN_UNUSED_FUNCTION = YES;
				GCC_WARN_UNUSED_VARIABLE = YES;
				IPHONEOS_DEPLOYMENT_TARGET = 15.5;
				MTL_ENABLE_DEBUG_INFO = NO;
				MTL_FAST_MATH = YES;
				SDKROOT = iphoneos;
				SWIFT_COMPILATION_MODE = wholemodule;
				SWIFT_OPTIMIZATION_LEVEL = "-O";
				VALIDATE_PRODUCT = YES;
			};
			name = Release;
		};
		207338C428BBA4B2008AA4F1 /* Debug */ = {
			isa = XCBuildConfiguration;
			buildSettings = {
				ASSETCATALOG_COMPILER_APPICON_NAME = AppIcon;
				ASSETCATALOG_COMPILER_GLOBAL_ACCENT_COLOR_NAME = AccentColor;
				CODE_SIGN_STYLE = Automatic;
				CURRENT_PROJECT_VERSION = 1;
				DEVELOPMENT_ASSET_PATHS = "\"KWTour/Preview Content\"";
				ENABLE_PREVIEWS = YES;
				GENERATE_INFOPLIST_FILE = YES;
				INFOPLIST_KEY_UIApplicationSceneManifest_Generation = YES;
				INFOPLIST_KEY_UIApplicationSupportsIndirectInputEvents = YES;
				INFOPLIST_KEY_UILaunchScreen_Generation = YES;
				INFOPLIST_KEY_UILaunchStoryboardName = "Launch Screen";
				INFOPLIST_KEY_UISupportedInterfaceOrientations_iPad = "UIInterfaceOrientationPortrait UIInterfaceOrientationPortraitUpsideDown UIInterfaceOrientationLandscapeLeft UIInterfaceOrientationLandscapeRight";
				INFOPLIST_KEY_UISupportedInterfaceOrientations_iPhone = "UIInterfaceOrientationPortrait UIInterfaceOrientationLandscapeLeft UIInterfaceOrientationLandscapeRight";
				LD_RUNPATH_SEARCH_PATHS = (
					"$(inherited)",
					"@executable_path/Frameworks",
				);
				MARKETING_VERSION = 1.0;
				PRODUCT_BUNDLE_IDENTIFIER = com.falmutairi2006.KWTour;
				PRODUCT_NAME = "$(TARGET_NAME)";
				SWIFT_EMIT_LOC_STRINGS = YES;
				SWIFT_VERSION = 5.0;
				TARGETED_DEVICE_FAMILY = "1,2";
			};
			name = Debug;
		};
		207338C528BBA4B2008AA4F1 /* Release */ = {
			isa = XCBuildConfiguration;
			buildSettings = {
				ASSETCATALOG_COMPILER_APPICON_NAME = AppIcon;
				ASSETCATALOG_COMPILER_GLOBAL_ACCENT_COLOR_NAME = AccentColor;
				CODE_SIGN_STYLE = Automatic;
				CURRENT_PROJECT_VERSION = 1;
				DEVELOPMENT_ASSET_PATHS = "\"KWTour/Preview Content\"";
				ENABLE_PREVIEWS = YES;
				GENERATE_INFOPLIST_FILE = YES;
				INFOPLIST_KEY_UIApplicationSceneManifest_Generation = YES;
				INFOPLIST_KEY_UIApplicationSupportsIndirectInputEvents = YES;
				INFOPLIST_KEY_UILaunchScreen_Generation = YES;
				INFOPLIST_KEY_UILaunchStoryboardName = "Launch Screen";
				INFOPLIST_KEY_UISupportedInterfaceOrientations_iPad = "UIInterfaceOrientationPortrait UIInterfaceOrientationPortraitUpsideDown UIInterfaceOrientationLandscapeLeft UIInterfaceOrientationLandscapeRight";
				INFOPLIST_KEY_UISupportedInterfaceOrientations_iPhone = "UIInterfaceOrientationPortrait UIInterfaceOrientationLandscapeLeft UIInterfaceOrientationLandscapeRight";
				LD_RUNPATH_SEARCH_PATHS = (
					"$(inherited)",
					"@executable_path/Frameworks",
				);
				MARKETING_VERSION = 1.0;
				PRODUCT_BUNDLE_IDENTIFIER = com.falmutairi2006.KWTour;
				PRODUCT_NAME = "$(TARGET_NAME)";
				SWIFT_EMIT_LOC_STRINGS = YES;
				SWIFT_VERSION = 5.0;
				TARGETED_DEVICE_FAMILY = "1,2";
			};
			name = Release;
		};
/* End XCBuildConfiguration section */

/* Begin XCConfigurationList section */
		207338B028BBA4B2008AA4F1 /* Build configuration list for PBXProject "KWTour" */ = {
			isa = XCConfigurationList;
			buildConfigurations = (
				207338C128BBA4B2008AA4F1 /* Debug */,
				207338C228BBA4B2008AA4F1 /* Release */,
			);
			defaultConfigurationIsVisible = 0;
			defaultConfigurationName = Release;
		};
		207338C328BBA4B2008AA4F1 /* Build configuration list for PBXNativeTarget "KWTour" */ = {
			isa = XCConfigurationList;
			buildConfigurations = (
				207338C428BBA4B2008AA4F1 /* Debug */,
				207338C528BBA4B2008AA4F1 /* Release */,
			);
			defaultConfigurationIsVisible = 0;
			defaultConfigurationName = Release;
		};
/* End XCConfigurationList section */
	};
	rootObject = 207338AD28BBA4B2008AA4F1 /* Project object */;
}
